
Microsoft Visual Studio Solution File, Format Version 12.00
# Visual Studio 15
Project("{FAE04EC0-301F-11D3-BF4B-00C04F79EFBC}") = "poker", "poker\poker.csproj", "{EF17BC75-6967-4D40-8483-54DCEC0947C3}"
EndProject
Global
	GlobalSection(SolutionConfigurationPlatforms) = preSolution
		Debug|anycpu = Debug|anycpu
		Release|anycpu = Release|anycpu
	EndGlobalSection
	GlobalSection(ProjectConfigurationPlatforms) = postSolution
		{EF17BC75-6967-4D40-8483-54DCEC0947C3}.Debug|anycpu.ActiveCfg = Debug|anycpu
		{EF17BC75-6967-4D40-8483-54DCEC0947C3}.Debug|anycpu.Build.0 = Debug|anycpu
		{EF17BC75-6967-4D40-8483-54DCEC0947C3}.Release|anycpu.ActiveCfg = Release|anycpu
		{EF17BC75-6967-4D40-8483-54DCEC0947C3}.Release|anycpu.Build.0 = Release|anycpu
	EndGlobalSection
EndGlobal
